
Microsoft Visual Studio Solution File, Format Version 12.00
# Visual Studio Version 17
VisualStudioVersion = 17.9.34723.18
MinimumVisualStudioVersion = 10.0.40219.1
Project("{8BC9CEB8-8B4A-11D0-8D11-00A0C91BC942}") = "лаб 4", "лаб 4\лаб 4.vcxproj", "{A3762093-6508-47AE-BA45-AC64B2F859CD}"
EndProject
Global
	GlobalSection(SolutionConfigurationPlatforms) = preSolution
		Debug|x64 = Debug|x64
		Debug|x86 = Debug|x86
		Release|x64 = Release|x64
		Release|x86 = Release|x86
	EndGlobalSection
	GlobalSection(ProjectConfigurationPlatforms) = postSolution
		{A3762093-6508-47AE-BA45-AC64B2F859CD}.Debug|x64.ActiveCfg = Debug|x64
		{A3762093-6508-47AE-BA45-AC64B2F859CD}.Debug|x64.Build.0 = Debug|x64
		{A3762093-6508-47AE-BA45-AC64B2F859CD}.Debug|x86.ActiveCfg = Debug|Win32
		{A3762093-6508-47AE-BA45-AC64B2F859CD}.Debug|x86.Build.0 = Debug|Win32
		{A3762093-6508-47AE-BA45-AC64B2F859CD}.Release|x64.ActiveCfg = Release|x64
		{A3762093-6508-47AE-BA45-AC64B2F859CD}.Release|x64.Build.0 = Release|x64
		{A3762093-6508-47AE-BA45-AC64B2F859CD}.Release|x86.ActiveCfg = Release|Win32
		{A3762093-6508-47AE-BA45-AC64B2F859CD}.Release|x86.Build.0 = Release|Win32
	EndGlobalSection
	GlobalSection(SolutionProperties) = preSolution
		HideSolutionNode = FALSE
	EndGlobalSection
	GlobalSection(ExtensibilityGlobals) = postSolution
		SolutionGuid = {B1BD67BD-8D6C-4B88-8A3B-C6D7ABD264FF}
	EndGlobalSection
EndGlobal
